
Microsoft Visual Studio Solution File, Format Version 12.00
# Visual Studio Version 17
VisualStudioVersion = 17.8.34525.116
MinimumVisualStudioVersion = 10.0.40219.1
Project("{2150E333-8FDC-42A3-9474-1A3956D46DE8}") = "backend", "backend", "{0D5FD34B-3FA4-4089-A1B5-AD6D42FD4096}"
EndProject
Project("{9A19103F-16F7-4668-BE54-9A1E7A4F7556}") = "genai.backend.api", "backend\genai.backend.api\genai.backend.api.csproj", "{686A63ED-D31C-4FA3-9DD1-D0137C5E1B4B}"
EndProject
Project("{2150E333-8FDC-42A3-9474-1A3956D46DE8}") = "frontend", "frontend", "{F9CADA84-6EC7-4758-9E0F-1EE664384DD6}"
EndProject
Project("{E24C65DC-7377-472B-9ABA-BC803B73C61A}") = "frontend", "frontend\", "{FB555EAD-4780-416B-BF98-891E21992BAE}"
	ProjectSection(WebsiteProperties) = preProject
		TargetFrameworkMoniker = ".NETFramework,Version%3Dv4.8"
		Debug.AspNetCompiler.VirtualPath = "/localhost_50743"
		Debug.AspNetCompiler.PhysicalPath = "frontend\"
		Debug.AspNetCompiler.TargetPath = "PrecompiledWeb\localhost_50743\"
		Debug.AspNetCompiler.Updateable = "true"
		Debug.AspNetCompiler.ForceOverwrite = "true"
		Debug.AspNetCompiler.FixedNames = "false"
		Debug.AspNetCompiler.Debug = "True"
		Release.AspNetCompiler.VirtualPath = "/localhost_50743"
		Release.AspNetCompiler.PhysicalPath = "frontend\"
		Release.AspNetCompiler.TargetPath = "PrecompiledWeb\localhost_50743\"
		Release.AspNetCompiler.Updateable = "true"
		Release.AspNetCompiler.ForceOverwrite = "true"
		Release.AspNetCompiler.FixedNames = "false"
		Release.AspNetCompiler.Debug = "False"
		VWDPort = "50743"
		SlnRelativePath = "frontend\"
	EndProjectSection
EndProject
Global
	GlobalSection(SolutionConfigurationPlatforms) = preSolution
		Debug|Any CPU = Debug|Any CPU
		Release|Any CPU = Release|Any CPU
	EndGlobalSection
	GlobalSection(ProjectConfigurationPlatforms) = postSolution
		{686A63ED-D31C-4FA3-9DD1-D0137C5E1B4B}.Debug|Any CPU.ActiveCfg = Debug|Any CPU
		{686A63ED-D31C-4FA3-9DD1-D0137C5E1B4B}.Debug|Any CPU.Build.0 = Debug|Any CPU
		{686A63ED-D31C-4FA3-9DD1-D0137C5E1B4B}.Release|Any CPU.ActiveCfg = Release|Any CPU
		{686A63ED-D31C-4FA3-9DD1-D0137C5E1B4B}.Release|Any CPU.Build.0 = Release|Any CPU
		{FB555EAD-4780-416B-BF98-891E21992BAE}.Debug|Any CPU.ActiveCfg = Debug|Any CPU
		{FB555EAD-4780-416B-BF98-891E21992BAE}.Debug|Any CPU.Build.0 = Debug|Any CPU
		{FB555EAD-4780-416B-BF98-891E21992BAE}.Release|Any CPU.ActiveCfg = Debug|Any CPU
		{FB555EAD-4780-416B-BF98-891E21992BAE}.Release|Any CPU.Build.0 = Debug|Any CPU
	EndGlobalSection
	GlobalSection(SolutionProperties) = preSolution
		HideSolutionNode = FALSE
	EndGlobalSection
	GlobalSection(NestedProjects) = preSolution
		{686A63ED-D31C-4FA3-9DD1-D0137C5E1B4B} = {0D5FD34B-3FA4-4089-A1B5-AD6D42FD4096}
		{FB555EAD-4780-416B-BF98-891E21992BAE} = {F9CADA84-6EC7-4758-9E0F-1EE664384DD6}
	EndGlobalSection
	GlobalSection(ExtensibilityGlobals) = postSolution
		SolutionGuid = {2635A5A8-D853-4085-9B54-37889332BE5A}
	EndGlobalSection
EndGlobal
